// !$*UTF8*$!
{
	archiveVersion = 1;
	classes = {
	};
	objectVersion = 46;
	objects = {

/* Begin PBXBuildFile section */
		D8412358199592780018A4EF /* TimeEntryCell.xib in Resources */ = {isa = PBXBuildFile; fileRef = D8412357199592780018A4EF /* TimeEntryCell.xib */; };
		D841235B1995962C0018A4EF /* TimeEntryViewController.m in Sources */ = {isa = PBXBuildFile; fileRef = D841235A1995962C0018A4EF /* TimeEntryViewController.m */; };
		D841235E199598DE0018A4EF /* TimeEntryCell.m in Sources */ = {isa = PBXBuildFile; fileRef = D841235D199598DE0018A4EF /* TimeEntryCell.m */; };
		D841236019959F520018A4EF /* clock.png in Resources */ = {isa = PBXBuildFile; fileRef = D841235F19959F520018A4EF /* clock.png */; };
		D841236219959FF10018A4EF /* pouch.png in Resources */ = {isa = PBXBuildFile; fileRef = D841236119959FF10018A4EF /* pouch.png */; };
		D89B01631995590F006146E3 /* FishionPro.storyboard in Resources */ = {isa = PBXBuildFile; fileRef = D89B01621995590F006146E3 /* FishionPro.storyboard */; };
		D89B0166199559C6006146E3 /* LoginViewController.m in Sources */ = {isa = PBXBuildFile; fileRef = D89B0165199559C6006146E3 /* LoginViewController.m */; };
		D89B016919957674006146E3 /* FissionProApi.m in Sources */ = {isa = PBXBuildFile; fileRef = D89B016819957674006146E3 /* FissionProApi.m */; };
		D8C433A419A3174E008DBAD8 /* TaskEntryViewController.m in Sources */ = {isa = PBXBuildFile; fileRef = D8C433A319A3174E008DBAD8 /* TaskEntryViewController.m */; };
		D8DD792B19908C59008423BF /* Foundation.framework in Frameworks */ = {isa = PBXBuildFile; fileRef = D8DD792A19908C59008423BF /* Foundation.framework */; };
		D8DD792D19908C59008423BF /* CoreGraphics.framework in Frameworks */ = {isa = PBXBuildFile; fileRef = D8DD792C19908C59008423BF /* CoreGraphics.framework */; };
		D8DD792F19908C59008423BF /* UIKit.framework in Frameworks */ = {isa = PBXBuildFile; fileRef = D8DD792E19908C59008423BF /* UIKit.framework */; };
		D8DD793119908C59008423BF /* CoreData.framework in Frameworks */ = {isa = PBXBuildFile; fileRef = D8DD793019908C59008423BF /* CoreData.framework */; };
		D8DD793719908C59008423BF /* InfoPlist.strings in Resources */ = {isa = PBXBuildFile; fileRef = D8DD793519908C59008423BF /* InfoPlist.strings */; };
		D8DD793919908C59008423BF /* main.m in Sources */ = {isa = PBXBuildFile; fileRef = D8DD793819908C59008423BF /* main.m */; };
		D8DD793D19908C59008423BF /* AppDelegate.m in Sources */ = {isa = PBXBuildFile; fileRef = D8DD793C19908C59008423BF /* AppDelegate.m */; };
		D8DD794319908C59008423BF /* FishionPro.xcdatamodeld in Sources */ = {isa = PBXBuildFile; fileRef = D8DD794119908C59008423BF /* FishionPro.xcdatamodeld */; };
		D8DD794B19908C59008423BF /* Images.xcassets in Resources */ = {isa = PBXBuildFile; fileRef = D8DD794A19908C59008423BF /* Images.xcassets */; };
		D8DD795219908C59008423BF /* XCTest.framework in Frameworks */ = {isa = PBXBuildFile; fileRef = D8DD795119908C59008423BF /* XCTest.framework */; };
		D8DD795319908C59008423BF /* Foundation.framework in Frameworks */ = {isa = PBXBuildFile; fileRef = D8DD792A19908C59008423BF /* Foundation.framework */; };
		D8DD795419908C59008423BF /* UIKit.framework in Frameworks */ = {isa = PBXBuildFile; fileRef = D8DD792E19908C59008423BF /* UIKit.framework */; };
		D8DD795519908C59008423BF /* CoreData.framework in Frameworks */ = {isa = PBXBuildFile; fileRef = D8DD793019908C59008423BF /* CoreData.framework */; };
		D8DD795D19908C59008423BF /* InfoPlist.strings in Resources */ = {isa = PBXBuildFile; fileRef = D8DD795B19908C59008423BF /* InfoPlist.strings */; };
		D8DD795F19908C59008423BF /* FishionProTests.m in Sources */ = {isa = PBXBuildFile; fileRef = D8DD795E19908C59008423BF /* FishionProTests.m */; };
/* End PBXBuildFile section */

/* Begin PBXContainerItemProxy section */
		D8DD795619908C59008423BF /* PBXContainerItemProxy */ = {
			isa = PBXContainerItemProxy;
			containerPortal = D8DD791F19908C59008423BF /* Project object */;
			proxyType = 1;
			remoteGlobalIDString = D8DD792619908C59008423BF;
			remoteInfo = FishionPro;
		};
/* End PBXContainerItemProxy section */

/* Begin PBXFileReference section */
		D8412357199592780018A4EF /* TimeEntryCell.xib */ = {isa = PBXFileReference; fileEncoding = 4; lastKnownFileType = file.xib; path = TimeEntryCell.xib; sourceTree = "<group>"; };
		D84123591995962C0018A4EF /* TimeEntryViewController.h */ = {isa = PBXFileReference; fileEncoding = 4; lastKnownFileType = sourcecode.c.h; name = TimeEntryViewController.h; path = ../TimeEntryViewController.h; sourceTree = "<group>"; };
		D841235A1995962C0018A4EF /* TimeEntryViewController.m */ = {isa = PBXFileReference; fileEncoding = 4; lastKnownFileType = sourcecode.c.objc; name = TimeEntryViewController.m; path = ../TimeEntryViewController.m; sourceTree = "<group>"; };
		D841235C199598DE0018A4EF /* TimeEntryCell.h */ = {isa = PBXFileReference; fileEncoding = 4; lastKnownFileType = sourcecode.c.h; name = TimeEntryCell.h; path = ../TimeEntryCell.h; sourceTree = "<group>"; };
		D841235D199598DE0018A4EF /* TimeEntryCell.m */ = {isa = PBXFileReference; fileEncoding = 4; lastKnownFileType = sourcecode.c.objc; name = TimeEntryCell.m; path = ../TimeEntryCell.m; sourceTree = "<group>"; };
		D841235F19959F520018A4EF /* clock.png */ = {isa = PBXFileReference; lastKnownFileType = image.png; path = clock.png; sourceTree = "<group>"; };
		D841236119959FF10018A4EF /* pouch.png */ = {isa = PBXFileReference; lastKnownFileType = image.png; path = pouch.png; sourceTree = "<group>"; };
		D89B01621995590F006146E3 /* FishionPro.storyboard */ = {isa = PBXFileReference; fileEncoding = 4; lastKnownFileType = file.storyboard; path = FishionPro.storyboard; sourceTree = "<group>"; };
		D89B0164199559C6006146E3 /* LoginViewController.h */ = {isa = PBXFileReference; fileEncoding = 4; lastKnownFileType = sourcecode.c.h; path = LoginViewController.h; sourceTree = "<group>"; };
		D89B0165199559C6006146E3 /* LoginViewController.m */ = {isa = PBXFileReference; fileEncoding = 4; lastKnownFileType = sourcecode.c.objc; path = LoginViewController.m; sourceTree = "<group>"; };
		D89B016719957674006146E3 /* FissionProApi.h */ = {isa = PBXFileReference; fileEncoding = 4; lastKnownFileType = sourcecode.c.h; path = FissionProApi.h; sourceTree = "<group>"; };
		D89B016819957674006146E3 /* FissionProApi.m */ = {isa = PBXFileReference; fileEncoding = 4; lastKnownFileType = sourcecode.c.objc; path = FissionProApi.m; sourceTree = "<group>"; };
		D8C433A219A3174E008DBAD8 /* TaskEntryViewController.h */ = {isa = PBXFileReference; fileEncoding = 4; lastKnownFileType = sourcecode.c.h; path = TaskEntryViewController.h; sourceTree = "<group>"; };
		D8C433A319A3174E008DBAD8 /* TaskEntryViewController.m */ = {isa = PBXFileReference; fileEncoding = 4; lastKnownFileType = sourcecode.c.objc; path = TaskEntryViewController.m; sourceTree = "<group>"; };
		D8DD792719908C59008423BF /* FishionPro.app */ = {isa = PBXFileReference; explicitFileType = wrapper.application; includeInIndex = 0; path = FishionPro.app; sourceTree = BUILT_PRODUCTS_DIR; };
		D8DD792A19908C59008423BF /* Foundation.framework */ = {isa = PBXFileReference; lastKnownFileType = wrapper.framework; name = Foundation.framework; path = System/Library/Frameworks/Foundation.framework; sourceTree = SDKROOT; };
		D8DD792C19908C59008423BF /* CoreGraphics.framework */ = {isa = PBXFileReference; lastKnownFileType = wrapper.framework; name = CoreGraphics.framework; path = System/Library/Frameworks/CoreGraphics.framework; sourceTree = SDKROOT; };
		D8DD792E19908C59008423BF /* UIKit.framework */ = {isa = PBXFileReference; lastKnownFileType = wrapper.framework; name = UIKit.framework; path = System/Library/Frameworks/UIKit.framework; sourceTree = SDKROOT; };
		D8DD793019908C59008423BF /* CoreData.framework */ = {isa = PBXFileReference; lastKnownFileType = wrapper.framework; name = CoreData.framework; path = System/Library/Frameworks/CoreData.framework; sourceTree = SDKROOT; };
		D8DD793419908C59008423BF /* FishionPro-Info.plist */ = {isa = PBXFileReference; lastKnownFileType = text.plist.xml; path = "FishionPro-Info.plist"; sourceTree = "<group>"; };
		D8DD793619908C59008423BF /* en */ = {isa = PBXFileReference; lastKnownFileType = text.plist.strings; name = en; path = en.lproj/InfoPlist.strings; sourceTree = "<group>"; };
		D8DD793819908C59008423BF /* main.m */ = {isa = PBXFileReference; lastKnownFileType = sourcecode.c.objc; path = main.m; sourceTree = "<group>"; };
		D8DD793A19908C59008423BF /* FishionPro-Prefix.pch */ = {isa = PBXFileReference; lastKnownFileType = sourcecode.c.h; path = "FishionPro-Prefix.pch"; sourceTree = "<group>"; };
		D8DD793B19908C59008423BF /* AppDelegate.h */ = {isa = PBXFileReference; lastKnownFileType = sourcecode.c.h; path = AppDelegate.h; sourceTree = "<group>"; };
		D8DD793C19908C59008423BF /* AppDelegate.m */ = {isa = PBXFileReference; lastKnownFileType = sourcecode.c.objc; path = AppDelegate.m; sourceTree = "<group>"; };
		D8DD794219908C59008423BF /* FishionPro.xcdatamodel */ = {isa = PBXFileReference; lastKnownFileType = wrapper.xcdatamodel; path = FishionPro.xcdatamodel; sourceTree = "<group>"; };
		D8DD794A19908C59008423BF /* Images.xcassets */ = {isa = PBXFileReference; lastKnownFileType = folder.assetcatalog; path = Images.xcassets; sourceTree = "<group>"; };
		D8DD795019908C59008423BF /* FishionProTests.xctest */ = {isa = PBXFileReference; explicitFileType = wrapper.cfbundle; includeInIndex = 0; path = FishionProTests.xctest; sourceTree = BUILT_PRODUCTS_DIR; };
		D8DD795119908C59008423BF /* XCTest.framework */ = {isa = PBXFileReference; lastKnownFileType = wrapper.framework; name = XCTest.framework; path = Library/Frameworks/XCTest.framework; sourceTree = DEVELOPER_DIR; };
		D8DD795A19908C59008423BF /* FishionProTests-Info.plist */ = {isa = PBXFileReference; lastKnownFileType = text.plist.xml; path = "FishionProTests-Info.plist"; sourceTree = "<group>"; };
		D8DD795C19908C59008423BF /* en */ = {isa = PBXFileReference; lastKnownFileType = text.plist.strings; name = en; path = en.lproj/InfoPlist.strings; sourceTree = "<group>"; };
		D8DD795E19908C59008423BF /* FishionProTests.m */ = {isa = PBXFileReference; lastKnownFileType = sourcecode.c.objc; path = FishionProTests.m; sourceTree = "<group>"; };
/* End PBXFileReference section */

/* Begin PBXFrameworksBuildPhase section */
		D8DD792419908C59008423BF /* Frameworks */ = {
			isa = PBXFrameworksBuildPhase;
			buildActionMask = 2147483647;
			files = (
				D8DD792D19908C59008423BF /* CoreGraphics.framework in Frameworks */,
				D8DD793119908C59008423BF /* CoreData.framework in Frameworks */,
				D8DD792F19908C59008423BF /* UIKit.framework in Frameworks */,
				D8DD792B19908C59008423BF /* Foundation.framework in Frameworks */,
			);
			runOnlyForDeploymentPostprocessing = 0;
		};
		D8DD794D19908C59008423BF /* Frameworks */ = {
			isa = PBXFrameworksBuildPhase;
			buildActionMask = 2147483647;
			files = (
				D8DD795219908C59008423BF /* XCTest.framework in Frameworks */,
				D8DD795519908C59008423BF /* CoreData.framework in Frameworks */,
				D8DD795419908C59008423BF /* UIKit.framework in Frameworks */,
				D8DD795319908C59008423BF /* Foundation.framework in Frameworks */,
			);
			runOnlyForDeploymentPostprocessing = 0;
		};
/* End PBXFrameworksBuildPhase section */

/* Begin PBXGroup section */
		D8DD791E19908C59008423BF = {
			isa = PBXGroup;
			children = (
				D841236119959FF10018A4EF /* pouch.png */,
				D841235F19959F520018A4EF /* clock.png */,
				D8DD793219908C59008423BF /* FishionPro */,
				D8DD795819908C59008423BF /* FishionProTests */,
				D8DD792919908C59008423BF /* Frameworks */,
				D8DD792819908C59008423BF /* Products */,
			);
			sourceTree = "<group>";
		};
		D8DD792819908C59008423BF /* Products */ = {
			isa = PBXGroup;
			children = (
				D8DD792719908C59008423BF /* FishionPro.app */,
				D8DD795019908C59008423BF /* FishionProTests.xctest */,
			);
			name = Products;
			sourceTree = "<group>";
		};
		D8DD792919908C59008423BF /* Frameworks */ = {
			isa = PBXGroup;
			children = (
				D8DD792A19908C59008423BF /* Foundation.framework */,
				D8DD792C19908C59008423BF /* CoreGraphics.framework */,
				D8DD792E19908C59008423BF /* UIKit.framework */,
				D8DD793019908C59008423BF /* CoreData.framework */,
				D8DD795119908C59008423BF /* XCTest.framework */,
			);
			name = Frameworks;
			sourceTree = "<group>";
		};
		D8DD793219908C59008423BF /* FishionPro */ = {
			isa = PBXGroup;
			children = (
				D841235C199598DE0018A4EF /* TimeEntryCell.h */,
				D841235D199598DE0018A4EF /* TimeEntryCell.m */,
				D84123591995962C0018A4EF /* TimeEntryViewController.h */,
				D841235A1995962C0018A4EF /* TimeEntryViewController.m */,
				D89B01621995590F006146E3 /* FishionPro.storyboard */,
				D8C433A219A3174E008DBAD8 /* TaskEntryViewController.h */,
				D8C433A319A3174E008DBAD8 /* TaskEntryViewController.m */,
				D8DD793B19908C59008423BF /* AppDelegate.h */,
				D8DD793C19908C59008423BF /* AppDelegate.m */,
				D89B0164199559C6006146E3 /* LoginViewController.h */,
				D89B0165199559C6006146E3 /* LoginViewController.m */,
				D8DD794A19908C59008423BF /* Images.xcassets */,
				D8DD794119908C59008423BF /* FishionPro.xcdatamodeld */,
				D8DD793319908C59008423BF /* Supporting Files */,
				D89B016719957674006146E3 /* FissionProApi.h */,
				D89B016819957674006146E3 /* FissionProApi.m */,
				D8412357199592780018A4EF /* TimeEntryCell.xib */,
			);
			path = FishionPro;
			sourceTree = "<group>";
		};
		D8DD793319908C59008423BF /* Supporting Files */ = {
			isa = PBXGroup;
			children = (
				D8DD793419908C59008423BF /* FishionPro-Info.plist */,
				D8DD793519908C59008423BF /* InfoPlist.strings */,
				D8DD793819908C59008423BF /* main.m */,
				D8DD793A19908C59008423BF /* FishionPro-Prefix.pch */,
			);
			name = "Supporting Files";
			sourceTree = "<group>";
		};
		D8DD795819908C59008423BF /* FishionProTests */ = {
			isa = PBXGroup;
			children = (
				D8DD795E19908C59008423BF /* FishionProTests.m */,
				D8DD795919908C59008423BF /* Supporting Files */,
			);
			path = FishionProTests;
			sourceTree = "<group>";
		};
		D8DD795919908C59008423BF /* Supporting Files */ = {
			isa = PBXGroup;
			children = (
				D8DD795A19908C59008423BF /* FishionProTests-Info.plist */,
				D8DD795B19908C59008423BF /* InfoPlist.strings */,
			);
			name = "Supporting Files";
			sourceTree = "<group>";
		};
/* End PBXGroup section */

/* Begin PBXNativeTarget section */
		D8DD792619908C59008423BF /* FishionPro */ = {
			isa = PBXNativeTarget;
			buildConfigurationList = D8DD796219908C59008423BF /* Build configuration list for PBXNativeTarget "FishionPro" */;
			buildPhases = (
				D8DD792319908C59008423BF /* Sources */,
				D8DD792419908C59008423BF /* Frameworks */,
				D8DD792519908C59008423BF /* Resources */,
			);
			buildRules = (
			);
			dependencies = (
			);
			name = FishionPro;
			productName = FishionPro;
			productReference = D8DD792719908C59008423BF /* FishionPro.app */;
			productType = "com.apple.product-type.application";
		};
		D8DD794F19908C59008423BF /* FishionProTests */ = {
			isa = PBXNativeTarget;
			buildConfigurationList = D8DD796519908C59008423BF /* Build configuration list for PBXNativeTarget "FishionProTests" */;
			buildPhases = (
				D8DD794C19908C59008423BF /* Sources */,
				D8DD794D19908C59008423BF /* Frameworks */,
				D8DD794E19908C59008423BF /* Resources */,
			);
			buildRules = (
			);
			dependencies = (
				D8DD795719908C59008423BF /* PBXTargetDependency */,
			);
			name = FishionProTests;
			productName = FishionProTests;
			productReference = D8DD795019908C59008423BF /* FishionProTests.xctest */;
			productType = "com.apple.product-type.bundle.unit-test";
		};
/* End PBXNativeTarget section */

/* Begin PBXProject section */
		D8DD791F19908C59008423BF /* Project object */ = {
			isa = PBXProject;
			attributes = {
				LastUpgradeCheck = 0510;
				ORGANIZATIONNAME = "srikanth cuddapah";
				TargetAttributes = {
					D8DD794F19908C59008423BF = {
						TestTargetID = D8DD792619908C59008423BF;
					};
				};
			};
			buildConfigurationList = D8DD792219908C59008423BF /* Build configuration list for PBXProject "FishionPro" */;
			compatibilityVersion = "Xcode 3.2";
			developmentRegion = English;
			hasScannedForEncodings = 0;
			knownRegions = (
				en,
				Base,
			);
			mainGroup = D8DD791E19908C59008423BF;
			productRefGroup = D8DD792819908C59008423BF /* Products */;
			projectDirPath = "";
			projectRoot = "";
			targets = (
				D8DD792619908C59008423BF /* FishionPro */,
				D8DD794F19908C59008423BF /* FishionProTests */,
			);
		};
/* End PBXProject section */

/* Begin PBXResourcesBuildPhase section */
		D8DD792519908C59008423BF /* Resources */ = {
			isa = PBXResourcesBuildPhase;
			buildActionMask = 2147483647;
			files = (
				D8DD794B19908C59008423BF /* Images.xcassets in Resources */,
				D841236019959F520018A4EF /* clock.png in Resources */,
				D89B01631995590F006146E3 /* FishionPro.storyboard in Resources */,
				D8DD793719908C59008423BF /* InfoPlist.strings in Resources */,
				D8412358199592780018A4EF /* TimeEntryCell.xib in Resources */,
				D841236219959FF10018A4EF /* pouch.png in Resources */,
			);
			runOnlyForDeploymentPostprocessing = 0;
		};
		D8DD794E19908C59008423BF /* Resources */ = {
			isa = PBXResourcesBuildPhase;
			buildActionMask = 2147483647;
			files = (
				D8DD795D19908C59008423BF /* InfoPlist.strings in Resources */,
			);
			runOnlyForDeploymentPostprocessing = 0;
		};
/* End PBXResourcesBuildPhase section */

/* Begin PBXSourcesBuildPhase section */
		D8DD792319908C59008423BF /* Sources */ = {
			isa = PBXSourcesBuildPhase;
			buildActionMask = 2147483647;
			files = (
				D8C433A419A3174E008DBAD8 /* TaskEntryViewController.m in Sources */,
				D89B0166199559C6006146E3 /* LoginViewController.m in Sources */,
				D841235E199598DE0018A4EF /* TimeEntryCell.m in Sources */,
				D89B016919957674006146E3 /* FissionProApi.m in Sources */,
				D841235B1995962C0018A4EF /* TimeEntryViewController.m in Sources */,
				D8DD794319908C59008423BF /* FishionPro.xcdatamodeld in Sources */,
				D8DD793D19908C59008423BF /* AppDelegate.m in Sources */,
				D8DD793919908C59008423BF /* main.m in Sources */,
			);
			runOnlyForDeploymentPostprocessing = 0;
		};
		D8DD794C19908C59008423BF /* Sources */ = {
			isa = PBXSourcesBuildPhase;
			buildActionMask = 2147483647;
			files = (
				D8DD795F19908C59008423BF /* FishionProTests.m in Sources */,
			);
			runOnlyForDeploymentPostprocessing = 0;
		};
/* End PBXSourcesBuildPhase section */

/* Begin PBXTargetDependency section */
		D8DD795719908C59008423BF /* PBXTargetDependency */ = {
			isa = PBXTargetDependency;
			target = D8DD792619908C59008423BF /* FishionPro */;
			targetProxy = D8DD795619908C59008423BF /* PBXContainerItemProxy */;
		};
/* End PBXTargetDependency section */

/* Begin PBXVariantGroup section */
		D8DD793519908C59008423BF /* InfoPlist.strings */ = {
			isa = PBXVariantGroup;
			children = (
				D8DD793619908C59008423BF /* en */,
			);
			name = InfoPlist.strings;
			sourceTree = "<group>";
		};
		D8DD795B19908C59008423BF /* InfoPlist.strings */ = {
			isa = PBXVariantGroup;
			children = (
				D8DD795C19908C59008423BF /* en */,
			);
			name = InfoPlist.strings;
			sourceTree = "<group>";
		};
/* End PBXVariantGroup section */

/* Begin XCBuildConfiguration section */
		D8DD796019908C59008423BF /* Debug */ = {
			isa = XCBuildConfiguration;
			buildSettings = {
				ALWAYS_SEARCH_USER_PATHS = NO;
				CLANG_CXX_LANGUAGE_STANDARD = "gnu++0x";
				CLANG_CXX_LIBRARY = "libc++";
				CLANG_ENABLE_MODULES = YES;
				CLANG_ENABLE_OBJC_ARC = YES;
				CLANG_WARN_BOOL_CONVERSION = YES;
				CLANG_WARN_CONSTANT_CONVERSION = YES;
				CLANG_WARN_DIRECT_OBJC_ISA_USAGE = YES_ERROR;
				CLANG_WARN_EMPTY_BODY = YES;
				CLANG_WARN_ENUM_CONVERSION = YES;
				CLANG_WARN_INT_CONVERSION = YES;
				CLANG_WARN_OBJC_ROOT_CLASS = YES_ERROR;
				CLANG_WARN__DUPLICATE_METHOD_MATCH = YES;
				"CODE_SIGN_IDENTITY[sdk=iphoneos*]" = "iPhone Developer";
				COPY_PHASE_STRIP = NO;
				GCC_C_LANGUAGE_STANDARD = gnu99;
				GCC_DYNAMIC_NO_PIC = NO;
				GCC_OPTIMIZATION_LEVEL = 0;
				GCC_PREPROCESSOR_DEFINITIONS = (
					"DEBUG=1",
					"$(inherited)",
				);
				GCC_SYMBOLS_PRIVATE_EXTERN = NO;
				GCC_WARN_64_TO_32_BIT_CONVERSION = YES;
				GCC_WARN_ABOUT_RETURN_TYPE = YES_ERROR;
				GCC_WARN_UNDECLARED_SELECTOR = YES;
				GCC_WARN_UNINITIALIZED_AUTOS = YES_AGGRESSIVE;
				GCC_WARN_UNUSED_FUNCTION = YES;
				GCC_WARN_UNUSED_VARIABLE = YES;
				IPHONEOS_DEPLOYMENT_TARGET = 7.1;
				ONLY_ACTIVE_ARCH = YES;
				SDKROOT = iphoneos;
			};
			name = Debug;
		};
		D8DD796119908C59008423BF /* Release */ = {
			isa = XCBuildConfiguration;
			buildSettings = {
				ALWAYS_SEARCH_USER_PATHS = NO;
				CLANG_CXX_LANGUAGE_STANDARD = "gnu++0x";
				CLANG_CXX_LIBRARY = "libc++";
				CLANG_ENABLE_MODULES = YES;
				CLANG_ENABLE_OBJC_ARC = YES;
				CLANG_WARN_BOOL_CONVERSION = YES;
				CLANG_WARN_CONSTANT_CONVERSION = YES;
				CLANG_WARN_DIRECT_OBJC_ISA_USAGE = YES_ERROR;
				CLANG_WARN_EMPTY_BODY = YES;
				CLANG_WARN_ENUM_CONVERSION = YES;
				CLANG_WARN_INT_CONVERSION = YES;
				CLANG_WARN_OBJC_ROOT_CLASS = YES_ERROR;
				CLANG_WARN__DUPLICATE_METHOD_MATCH = YES;
				"CODE_SIGN_IDENTITY[sdk=iphoneos*]" = "iPhone Developer";
				COPY_PHASE_STRIP = YES;
				ENABLE_NS_ASSERTIONS = NO;
				GCC_C_LANGUAGE_STANDARD = gnu99;
				GCC_WARN_64_TO_32_BIT_CONVERSION = YES;
				GCC_WARN_ABOUT_RETURN_TYPE = YES_ERROR;
				GCC_WARN_UNDECLARED_SELECTOR = YES;
				GCC_WARN_UNINITIALIZED_AUTOS = YES_AGGRESSIVE;
				GCC_WARN_UNUSED_FUNCTION = YES;
				GCC_WARN_UNUSED_VARIABLE = YES;
				IPHONEOS_DEPLOYMENT_TARGET = 7.1;
				SDKROOT = iphoneos;
				VALIDATE_PRODUCT = YES;
			};
			name = Release;
		};
		D8DD796319908C59008423BF /* Debug */ = {
			isa = XCBuildConfiguration;
			buildSettings = {
				ASSETCATALOG_COMPILER_APPICON_NAME = AppIcon;
				ASSETCATALOG_COMPILER_LAUNCHIMAGE_NAME = LaunchImage;
				CODE_SIGN_IDENTITY = "iPhone Developer";
				GCC_PRECOMPILE_PREFIX_HEADER = YES;
				GCC_PREFIX_HEADER = "FishionPro/FishionPro-Prefix.pch";
				INFOPLIST_FILE = "FishionPro/FishionPro-Info.plist";
				IPHONEOS_DEPLOYMENT_TARGET = 7.1;
				PRODUCT_NAME = "$(TARGET_NAME)";
				TARGETED_DEVICE_FAMILY = 1;
				WRAPPER_EXTENSION = app;
			};
			name = Debug;
		};
		D8DD796419908C59008423BF /* Release */ = {
			isa = XCBuildConfiguration;
			buildSettings = {
				ASSETCATALOG_COMPILER_APPICON_NAME = AppIcon;
				ASSETCATALOG_COMPILER_LAUNCHIMAGE_NAME = LaunchImage;
				CODE_SIGN_IDENTITY = "iPhone Developer";
				GCC_PRECOMPILE_PREFIX_HEADER = YES;
				GCC_PREFIX_HEADER = "FishionPro/FishionPro-Prefix.pch";
				INFOPLIST_FILE = "FishionPro/FishionPro-Info.plist";
				IPHONEOS_DEPLOYMENT_TARGET = 7.1;
				PRODUCT_NAME = "$(TARGET_NAME)";
				TARGETED_DEVICE_FAMILY = 1;
				WRAPPER_EXTENSION = app;
			};
			name = Release;
		};
		D8DD796619908C59008423BF /* Debug */ = {
			isa = XCBuildConfiguration;
			buildSettings = {
				BUNDLE_LOADER = "$(BUILT_PRODUCTS_DIR)/FishionPro.app/FishionPro";
				FRAMEWORK_SEARCH_PATHS = (
					"$(SDKROOT)/Developer/Library/Frameworks",
					"$(inherited)",
					"$(DEVELOPER_FRAMEWORKS_DIR)",
				);
				GCC_PRECOMPILE_PREFIX_HEADER = YES;
				GCC_PREFIX_HEADER = "FishionPro/FishionPro-Prefix.pch";
				GCC_PREPROCESSOR_DEFINITIONS = (
					"DEBUG=1",
					"$(inherited)",
				);
				INFOPLIST_FILE = "FishionProTests/FishionProTests-Info.plist";
				PRODUCT_NAME = "$(TARGET_NAME)";
				TEST_HOST = "$(BUNDLE_LOADER)";
				WRAPPER_EXTENSION = xctest;
			};
			name = Debug;
		};
		D8DD796719908C59008423BF /* Release */ = {
			isa = XCBuildConfiguration;
			buildSettings = {
				BUNDLE_LOADER = "$(BUILT_PRODUCTS_DIR)/FishionPro.app/FishionPro";
				FRAMEWORK_SEARCH_PATHS = (
					"$(SDKROOT)/Developer/Library/Frameworks",
					"$(inherited)",
					"$(DEVELOPER_FRAMEWORKS_DIR)",
				);
				GCC_PRECOMPILE_PREFIX_HEADER = YES;
				GCC_PREFIX_HEADER = "FishionPro/FishionPro-Prefix.pch";
				INFOPLIST_FILE = "FishionProTests/FishionProTests-Info.plist";
				PRODUCT_NAME = "$(TARGET_NAME)";
				TEST_HOST = "$(BUNDLE_LOADER)";
				WRAPPER_EXTENSION = xctest;
			};
			name = Release;
		};
/* End XCBuildConfiguration section */

/* Begin XCConfigurationList section */
		D8DD792219908C59008423BF /* Build configuration list for PBXProject "FishionPro" */ = {
			isa = XCConfigurationList;
			buildConfigurations = (
				D8DD796019908C59008423BF /* Debug */,
				D8DD796119908C59008423BF /* Release */,
			);
			defaultConfigurationIsVisible = 0;
			defaultConfigurationName = Release;
		};
		D8DD796219908C59008423BF /* Build configuration list for PBXNativeTarget "FishionPro" */ = {
			isa = XCConfigurationList;
			buildConfigurations = (
				D8DD796319908C59008423BF /* Debug */,
				D8DD796419908C59008423BF /* Release */,
			);
			defaultConfigurationIsVisible = 0;
			defaultConfigurationName = Release;
		};
		D8DD796519908C59008423BF /* Build configuration list for PBXNativeTarget "FishionProTests" */ = {
			isa = XCConfigurationList;
			buildConfigurations = (
				D8DD796619908C59008423BF /* Debug */,
				D8DD796719908C59008423BF /* Release */,
			);
			defaultConfigurationIsVisible = 0;
			defaultConfigurationName = Release;
		};
/* End XCConfigurationList section */

/* Begin XCVersionGroup section */
		D8DD794119908C59008423BF /* FishionPro.xcdatamodeld */ = {
			isa = XCVersionGroup;
			children = (
				D8DD794219908C59008423BF /* FishionPro.xcdatamodel */,
			);
			currentVersion = D8DD794219908C59008423BF /* FishionPro.xcdatamodel */;
			path = FishionPro.xcdatamodeld;
			sourceTree = "<group>";
			versionGroupType = wrapper.xcdatamodel;
		};
/* End XCVersionGroup section */
	};
	rootObject = D8DD791F19908C59008423BF /* Project object */;
}
